
Microsoft Visual Studio Solution File, Format Version 12.00
# Visual Studio 15
VisualStudioVersion = 15.0.28010.2041
MinimumVisualStudioVersion = 10.0.40219.1
Project("{FAE04EC0-301F-11D3-BF4B-00C04F79EFBC}") = "Delegate oefening", "Delegate oefening\Delegate oefening.csproj", "{A857A436-96EE-4C1B-9C5D-A2856DB991E6}"
EndProject
Global
	GlobalSection(SolutionConfigurationPlatforms) = preSolution
		Debug|Any CPU = Debug|Any CPU
		Release|Any CPU = Release|Any CPU
	EndGlobalSection
	GlobalSection(ProjectConfigurationPlatforms) = postSolution
		{A857A436-96EE-4C1B-9C5D-A2856DB991E6}.Debug|Any CPU.ActiveCfg = Debug|Any CPU
		{A857A436-96EE-4C1B-9C5D-A2856DB991E6}.Debug|Any CPU.Build.0 = Debug|Any CPU
		{A857A436-96EE-4C1B-9C5D-A2856DB991E6}.Release|Any CPU.ActiveCfg = Release|Any CPU
		{A857A436-96EE-4C1B-9C5D-A2856DB991E6}.Release|Any CPU.Build.0 = Release|Any CPU
	EndGlobalSection
	GlobalSection(SolutionProperties) = preSolution
		HideSolutionNode = FALSE
	EndGlobalSection
	GlobalSection(ExtensibilityGlobals) = postSolution
		SolutionGuid = {23083033-2CBA-4247-8995-F73F6101949D}
	EndGlobalSection
EndGlobal
