
Microsoft Visual Studio Solution File, Format Version 12.00
# Visual Studio 15
VisualStudioVersion = 15.0.28010.2041
MinimumVisualStudioVersion = 10.0.40219.1
Project("{FAE04EC0-301F-11D3-BF4B-00C04F79EFBC}") = "Database", "Database\Database.csproj", "{9607A92F-5602-4F1F-BBEE-C4FC6B44926B}"
EndProject
Global
	GlobalSection(SolutionConfigurationPlatforms) = preSolution
		Debug|Any CPU = Debug|Any CPU
		Release|Any CPU = Release|Any CPU
	EndGlobalSection
	GlobalSection(ProjectConfigurationPlatforms) = postSolution
		{9607A92F-5602-4F1F-BBEE-C4FC6B44926B}.Debug|Any CPU.ActiveCfg = Debug|Any CPU
		{9607A92F-5602-4F1F-BBEE-C4FC6B44926B}.Debug|Any CPU.Build.0 = Debug|Any CPU
		{9607A92F-5602-4F1F-BBEE-C4FC6B44926B}.Release|Any CPU.ActiveCfg = Release|Any CPU
		{9607A92F-5602-4F1F-BBEE-C4FC6B44926B}.Release|Any CPU.Build.0 = Release|Any CPU
	EndGlobalSection
	GlobalSection(SolutionProperties) = preSolution
		HideSolutionNode = FALSE
	EndGlobalSection
	GlobalSection(ExtensibilityGlobals) = postSolution
		SolutionGuid = {2477D613-AD72-4AB8-AAD8-4913D9A2690C}
	EndGlobalSection
EndGlobal
